// !$*UTF8*$!
{
	archiveVersion = 1;
	classes = {
	};
	objectVersion = 46;
	objects = {

/* Begin PBXBuildFile section */
		662ED00A1E3FB91500395D1A /* main.m in Sources */ = {isa = PBXBuildFile; fileRef = 662ED0091E3FB91500395D1A /* main.m */; };
		662ED00D1E3FB91500395D1A /* AppDelegate.m in Sources */ = {isa = PBXBuildFile; fileRef = 662ED00C1E3FB91500395D1A /* AppDelegate.m */; };
		662ED0151E3FB91500395D1A /* Assets.xcassets in Resources */ = {isa = PBXBuildFile; fileRef = 662ED0141E3FB91500395D1A /* Assets.xcassets */; };
		662ED0181E3FB91500395D1A /* LaunchScreen.storyboard in Resources */ = {isa = PBXBuildFile; fileRef = 662ED0161E3FB91500395D1A /* LaunchScreen.storyboard */; };
		662ED0221E3FB9C700395D1A /* TweetListViewController.m in Sources */ = {isa = PBXBuildFile; fileRef = 662ED0201E3FB9C700395D1A /* TweetListViewController.m */; };
		662ED0231E3FB9C700395D1A /* TweetListViewController.xib in Resources */ = {isa = PBXBuildFile; fileRef = 662ED0211E3FB9C700395D1A /* TweetListViewController.xib */; };
		662ED0271E3FC82200395D1A /* TweetTableViewCell.m in Sources */ = {isa = PBXBuildFile; fileRef = 662ED0251E3FC82200395D1A /* TweetTableViewCell.m */; };
		662ED0281E3FC82200395D1A /* TweetTableViewCell.xib in Resources */ = {isa = PBXBuildFile; fileRef = 662ED0261E3FC82200395D1A /* TweetTableViewCell.xib */; };
/* End PBXBuildFile section */

/* Begin PBXFileReference section */
		662ED0051E3FB91500395D1A /* TwitterClient.app */ = {isa = PBXFileReference; explicitFileType = wrapper.application; includeInIndex = 0; path = TwitterClient.app; sourceTree = BUILT_PRODUCTS_DIR; };
		662ED0091E3FB91500395D1A /* main.m */ = {isa = PBXFileReference; lastKnownFileType = sourcecode.c.objc; path = main.m; sourceTree = "<group>"; };
		662ED00B1E3FB91500395D1A /* AppDelegate.h */ = {isa = PBXFileReference; lastKnownFileType = sourcecode.c.h; path = AppDelegate.h; sourceTree = "<group>"; };
		662ED00C1E3FB91500395D1A /* AppDelegate.m */ = {isa = PBXFileReference; lastKnownFileType = sourcecode.c.objc; path = AppDelegate.m; sourceTree = "<group>"; };
		662ED0141E3FB91500395D1A /* Assets.xcassets */ = {isa = PBXFileReference; lastKnownFileType = folder.assetcatalog; path = Assets.xcassets; sourceTree = "<group>"; };
		662ED0171E3FB91500395D1A /* Base */ = {isa = PBXFileReference; lastKnownFileType = file.storyboard; name = Base; path = Base.lproj/LaunchScreen.storyboard; sourceTree = "<group>"; };
		662ED0191E3FB91500395D1A /* Info.plist */ = {isa = PBXFileReference; lastKnownFileType = text.plist.xml; path = Info.plist; sourceTree = "<group>"; };
		662ED01F1E3FB9C700395D1A /* TweetListViewController.h */ = {isa = PBXFileReference; fileEncoding = 4; lastKnownFileType = sourcecode.c.h; path = TweetListViewController.h; sourceTree = "<group>"; };
		662ED0201E3FB9C700395D1A /* TweetListViewController.m */ = {isa = PBXFileReference; fileEncoding = 4; lastKnownFileType = sourcecode.c.objc; path = TweetListViewController.m; sourceTree = "<group>"; };
		662ED0211E3FB9C700395D1A /* TweetListViewController.xib */ = {isa = PBXFileReference; fileEncoding = 4; lastKnownFileType = file.xib; path = TweetListViewController.xib; sourceTree = "<group>"; };
		662ED0241E3FC82200395D1A /* TweetTableViewCell.h */ = {isa = PBXFileReference; fileEncoding = 4; lastKnownFileType = sourcecode.c.h; path = TweetTableViewCell.h; sourceTree = "<group>"; };
		662ED0251E3FC82200395D1A /* TweetTableViewCell.m */ = {isa = PBXFileReference; fileEncoding = 4; lastKnownFileType = sourcecode.c.objc; path = TweetTableViewCell.m; sourceTree = "<group>"; };
		662ED0261E3FC82200395D1A /* TweetTableViewCell.xib */ = {isa = PBXFileReference; fileEncoding = 4; lastKnownFileType = file.xib; path = TweetTableViewCell.xib; sourceTree = "<group>"; };
/* End PBXFileReference section */

/* Begin PBXFrameworksBuildPhase section */
		662ED0021E3FB91500395D1A /* Frameworks */ = {
			isa = PBXFrameworksBuildPhase;
			buildActionMask = 2147483647;
			files = (
			);
			runOnlyForDeploymentPostprocessing = 0;
		};
/* End PBXFrameworksBuildPhase section */

/* Begin PBXGroup section */
		662ECFFC1E3FB91500395D1A = {
			isa = PBXGroup;
			children = (
				662ED0071E3FB91500395D1A /* TwitterClient */,
				662ED0061E3FB91500395D1A /* Products */,
			);
			sourceTree = "<group>";
		};
		662ED0061E3FB91500395D1A /* Products */ = {
			isa = PBXGroup;
			children = (
				662ED0051E3FB91500395D1A /* TwitterClient.app */,
			);
			name = Products;
			sourceTree = "<group>";
		};
		662ED0071E3FB91500395D1A /* TwitterClient */ = {
			isa = PBXGroup;
			children = (
				662ED00B1E3FB91500395D1A /* AppDelegate.h */,
				662ED00C1E3FB91500395D1A /* AppDelegate.m */,
				662ED0141E3FB91500395D1A /* Assets.xcassets */,
				662ED0161E3FB91500395D1A /* LaunchScreen.storyboard */,
				662ED0191E3FB91500395D1A /* Info.plist */,
				662ED0081E3FB91500395D1A /* Supporting Files */,
				662ED01F1E3FB9C700395D1A /* TweetListViewController.h */,
				662ED0201E3FB9C700395D1A /* TweetListViewController.m */,
				662ED0211E3FB9C700395D1A /* TweetListViewController.xib */,
				662ED0241E3FC82200395D1A /* TweetTableViewCell.h */,
				662ED0251E3FC82200395D1A /* TweetTableViewCell.m */,
				662ED0261E3FC82200395D1A /* TweetTableViewCell.xib */,
			);
			path = TwitterClient;
			sourceTree = "<group>";
		};
		662ED0081E3FB91500395D1A /* Supporting Files */ = {
			isa = PBXGroup;
			children = (
				662ED0091E3FB91500395D1A /* main.m */,
			);
			name = "Supporting Files";
			sourceTree = "<group>";
		};
/* End PBXGroup section */

/* Begin PBXNativeTarget section */
		662ED0041E3FB91500395D1A /* TwitterClient */ = {
			isa = PBXNativeTarget;
			buildConfigurationList = 662ED01C1E3FB91500395D1A /* Build configuration list for PBXNativeTarget "TwitterClient" */;
			buildPhases = (
				662ED0011E3FB91500395D1A /* Sources */,
				662ED0021E3FB91500395D1A /* Frameworks */,
				662ED0031E3FB91500395D1A /* Resources */,
			);
			buildRules = (
			);
			dependencies = (
			);
			name = TwitterClient;
			productName = TwitterClient;
			productReference = 662ED0051E3FB91500395D1A /* TwitterClient.app */;
			productType = "com.apple.product-type.application";
		};
/* End PBXNativeTarget section */

/* Begin PBXProject section */
		662ECFFD1E3FB91500395D1A /* Project object */ = {
			isa = PBXProject;
			attributes = {
				LastUpgradeCheck = 0820;
				ORGANIZATIONNAME = " Michael Friedman";
				TargetAttributes = {
					662ED0041E3FB91500395D1A = {
						CreatedOnToolsVersion = 8.2.1;
						DevelopmentTeam = L9W59AG4Z6;
						ProvisioningStyle = Automatic;
					};
				};
			};
			buildConfigurationList = 662ED0001E3FB91500395D1A /* Build configuration list for PBXProject "TwitterClient" */;
			compatibilityVersion = "Xcode 3.2";
			developmentRegion = English;
			hasScannedForEncodings = 0;
			knownRegions = (
				en,
				Base,
			);
			mainGroup = 662ECFFC1E3FB91500395D1A;
			productRefGroup = 662ED0061E3FB91500395D1A /* Products */;
			projectDirPath = "";
			projectRoot = "";
			targets = (
				662ED0041E3FB91500395D1A /* TwitterClient */,
			);
		};
/* End PBXProject section */

/* Begin PBXResourcesBuildPhase section */
		662ED0031E3FB91500395D1A /* Resources */ = {
			isa = PBXResourcesBuildPhase;
			buildActionMask = 2147483647;
			files = (
				662ED0181E3FB91500395D1A /* LaunchScreen.storyboard in Resources */,
				662ED0151E3FB91500395D1A /* Assets.xcassets in Resources */,
				662ED0231E3FB9C700395D1A /* TweetListViewController.xib in Resources */,
				662ED0281E3FC82200395D1A /* TweetTableViewCell.xib in Resources */,
			);
			runOnlyForDeploymentPostprocessing = 0;
		};
/* End PBXResourcesBuildPhase section */

/* Begin PBXSourcesBuildPhase section */
		662ED0011E3FB91500395D1A /* Sources */ = {
			isa = PBXSourcesBuildPhase;
			buildActionMask = 2147483647;
			files = (
				662ED0221E3FB9C700395D1A /* TweetListViewController.m in Sources */,
				662ED00D1E3FB91500395D1A /* AppDelegate.m in Sources */,
				662ED00A1E3FB91500395D1A /* main.m in Sources */,
				662ED0271E3FC82200395D1A /* TweetTableViewCell.m in Sources */,
			);
			runOnlyForDeploymentPostprocessing = 0;
		};
/* End PBXSourcesBuildPhase section */

/* Begin PBXVariantGroup section */
		662ED0161E3FB91500395D1A /* LaunchScreen.storyboard */ = {
			isa = PBXVariantGroup;
			children = (
				662ED0171E3FB91500395D1A /* Base */,
			);
			name = LaunchScreen.storyboard;
			sourceTree = "<group>";
		};
/* End PBXVariantGroup section */

/* Begin XCBuildConfiguration section */
		662ED01A1E3FB91500395D1A /* Debug */ = {
			isa = XCBuildConfiguration;
			buildSettings = {
				ALWAYS_SEARCH_USER_PATHS = NO;
				CLANG_ANALYZER_NONNULL = YES;
				CLANG_CXX_LANGUAGE_STANDARD = "gnu++0x";
				CLANG_CXX_LIBRARY = "libc++";
				CLANG_ENABLE_MODULES = YES;
				CLANG_ENABLE_OBJC_ARC = YES;
				CLANG_WARN_BOOL_CONVERSION = YES;
				CLANG_WARN_CONSTANT_CONVERSION = YES;
				CLANG_WARN_DIRECT_OBJC_ISA_USAGE = YES_ERROR;
				CLANG_WARN_DOCUMENTATION_COMMENTS = YES;
				CLANG_WARN_EMPTY_BODY = YES;
				CLANG_WARN_ENUM_CONVERSION = YES;
				CLANG_WARN_INFINITE_RECURSION = YES;
				CLANG_WARN_INT_CONVERSION = YES;
				CLANG_WARN_OBJC_ROOT_CLASS = YES_ERROR;
				CLANG_WARN_SUSPICIOUS_MOVE = YES;
				CLANG_WARN_UNREACHABLE_CODE = YES;
				CLANG_WARN__DUPLICATE_METHOD_MATCH = YES;
				"CODE_SIGN_IDENTITY[sdk=iphoneos*]" = "iPhone Developer";
				COPY_PHASE_STRIP = NO;
				DEBUG_INFORMATION_FORMAT = dwarf;
				ENABLE_STRICT_OBJC_MSGSEND = YES;
				ENABLE_TESTABILITY = YES;
				GCC_C_LANGUAGE_STANDARD = gnu99;
				GCC_DYNAMIC_NO_PIC = NO;
				GCC_NO_COMMON_BLOCKS = YES;
				GCC_OPTIMIZATION_LEVEL = 0;
				GCC_PREPROCESSOR_DEFINITIONS = (
					"DEBUG=1",
					"$(inherited)",
				);
				GCC_WARN_64_TO_32_BIT_CONVERSION = YES;
				GCC_WARN_ABOUT_RETURN_TYPE = YES_ERROR;
				GCC_WARN_UNDECLARED_SELECTOR = YES;
				GCC_WARN_UNINITIALIZED_AUTOS = YES_AGGRESSIVE;
				GCC_WARN_UNUSED_FUNCTION = YES;
				GCC_WARN_UNUSED_VARIABLE = YES;
				IPHONEOS_DEPLOYMENT_TARGET = 10.2;
				MTL_ENABLE_DEBUG_INFO = YES;
				ONLY_ACTIVE_ARCH = YES;
				SDKROOT = iphoneos;
				TARGETED_DEVICE_FAMILY = "1,2";
			};
			name = Debug;
		};
		662ED01B1E3FB91500395D1A /* Release */ = {
			isa = XCBuildConfiguration;
			buildSettings = {
				ALWAYS_SEARCH_USER_PATHS = NO;
				CLANG_ANALYZER_NONNULL = YES;
				CLANG_CXX_LANGUAGE_STANDARD = "gnu++0x";
				CLANG_CXX_LIBRARY = "libc++";
				CLANG_ENABLE_MODULES = YES;
				CLANG_ENABLE_OBJC_ARC = YES;
				CLANG_WARN_BOOL_CONVERSION = YES;
				CLANG_WARN_CONSTANT_CONVERSION = YES;
				CLANG_WARN_DIRECT_OBJC_ISA_USAGE = YES_ERROR;
				CLANG_WARN_DOCUMENTATION_COMMENTS = YES;
				CLANG_WARN_EMPTY_BODY = YES;
				CLANG_WARN_ENUM_CONVERSION = YES;
				CLANG_WARN_INFINITE_RECURSION = YES;
				CLANG_WARN_INT_CONVERSION = YES;
				CLANG_WARN_OBJC_ROOT_CLASS = YES_ERROR;
				CLANG_WARN_SUSPICIOUS_MOVE = YES;
				CLANG_WARN_UNREACHABLE_CODE = YES;
				CLANG_WARN__DUPLICATE_METHOD_MATCH = YES;
				"CODE_SIGN_IDENTITY[sdk=iphoneos*]" = "iPhone Developer";
				COPY_PHASE_STRIP = NO;
				DEBUG_INFORMATION_FORMAT = "dwarf-with-dsym";
				ENABLE_NS_ASSERTIONS = NO;
				ENABLE_STRICT_OBJC_MSGSEND = YES;
				GCC_C_LANGUAGE_STANDARD = gnu99;
				GCC_NO_COMMON_BLOCKS = YES;
				GCC_WARN_64_TO_32_BIT_CONVERSION = YES;
				GCC_WARN_ABOUT_RETURN_TYPE = YES_ERROR;
				GCC_WARN_UNDECLARED_SELECTOR = YES;
				GCC_WARN_UNINITIALIZED_AUTOS = YES_AGGRESSIVE;
				GCC_WARN_UNUSED_FUNCTION = YES;
				GCC_WARN_UNUSED_VARIABLE = YES;
				IPHONEOS_DEPLOYMENT_TARGET = 10.2;
				MTL_ENABLE_DEBUG_INFO = NO;
				SDKROOT = iphoneos;
				TARGETED_DEVICE_FAMILY = "1,2";
				VALIDATE_PRODUCT = YES;
			};
			name = Release;
		};
		662ED01D1E3FB91500395D1A /* Debug */ = {
			isa = XCBuildConfiguration;
			buildSettings = {
				ASSETCATALOG_COMPILER_APPICON_NAME = AppIcon;
				DEVELOPMENT_TEAM = L9W59AG4Z6;
				INFOPLIST_FILE = TwitterClient/Info.plist;
				LD_RUNPATH_SEARCH_PATHS = "$(inherited) @executable_path/Frameworks";
				PRODUCT_BUNDLE_IDENTIFIER = com.frimicc.TwitterClient;
				PRODUCT_NAME = "$(TARGET_NAME)";
			};
			name = Debug;
		};
		662ED01E1E3FB91500395D1A /* Release */ = {
			isa = XCBuildConfiguration;
			buildSettings = {
				ASSETCATALOG_COMPILER_APPICON_NAME = AppIcon;
				DEVELOPMENT_TEAM = L9W59AG4Z6;
				INFOPLIST_FILE = TwitterClient/Info.plist;
				LD_RUNPATH_SEARCH_PATHS = "$(inherited) @executable_path/Frameworks";
				PRODUCT_BUNDLE_IDENTIFIER = com.frimicc.TwitterClient;
				PRODUCT_NAME = "$(TARGET_NAME)";
			};
			name = Release;
		};
/* End XCBuildConfiguration section */

/* Begin XCConfigurationList section */
		662ED0001E3FB91500395D1A /* Build configuration list for PBXProject "TwitterClient" */ = {
			isa = XCConfigurationList;
			buildConfigurations = (
				662ED01A1E3FB91500395D1A /* Debug */,
				662ED01B1E3FB91500395D1A /* Release */,
			);
			defaultConfigurationIsVisible = 0;
			defaultConfigurationName = Release;
		};
		662ED01C1E3FB91500395D1A /* Build configuration list for PBXNativeTarget "TwitterClient" */ = {
			isa = XCConfigurationList;
			buildConfigurations = (
				662ED01D1E3FB91500395D1A /* Debug */,
				662ED01E1E3FB91500395D1A /* Release */,
			);
			defaultConfigurationIsVisible = 0;
		};
/* End XCConfigurationList section */
	};
	rootObject = 662ECFFD1E3FB91500395D1A /* Project object */;
}
